// !$*UTF8*$!
{
	archiveVersion = 1;
	classes = {
	};
	objectVersion = 46;
	objects = {

/* Begin PBXBuildFile section */
		4C074914821C414F9507F607 /* libPods.a in Frameworks */ = {isa = PBXBuildFile; fileRef = 155726A0D2B84D7581796AE5 /* libPods.a */; };
		83E8973218E38A0400DE8591 /* Foundation.framework in Frameworks */ = {isa = PBXBuildFile; fileRef = 83E8973118E38A0400DE8591 /* Foundation.framework */; };
		83E8973418E38A0400DE8591 /* CoreGraphics.framework in Frameworks */ = {isa = PBXBuildFile; fileRef = 83E8973318E38A0400DE8591 /* CoreGraphics.framework */; };
		83E8973618E38A0400DE8591 /* UIKit.framework in Frameworks */ = {isa = PBXBuildFile; fileRef = 83E8973518E38A0400DE8591 /* UIKit.framework */; };
		83E8973C18E38A0400DE8591 /* InfoPlist.strings in Resources */ = {isa = PBXBuildFile; fileRef = 83E8973A18E38A0400DE8591 /* InfoPlist.strings */; };
		83E8973E18E38A0400DE8591 /* main.m in Sources */ = {isa = PBXBuildFile; fileRef = 83E8973D18E38A0400DE8591 /* main.m */; };
		83E8974218E38A0400DE8591 /* AppDelegate.m in Sources */ = {isa = PBXBuildFile; fileRef = 83E8974118E38A0400DE8591 /* AppDelegate.m */; };
		83E8974518E38A0400DE8591 /* Main.storyboard in Resources */ = {isa = PBXBuildFile; fileRef = 83E8974318E38A0400DE8591 /* Main.storyboard */; };
		83E8974818E38A0400DE8591 /* ViewController.m in Sources */ = {isa = PBXBuildFile; fileRef = 83E8974718E38A0400DE8591 /* ViewController.m */; };
		83E8974A18E38A0400DE8591 /* Images.xcassets in Resources */ = {isa = PBXBuildFile; fileRef = 83E8974918E38A0400DE8591 /* Images.xcassets */; };
		83E8975118E38A0400DE8591 /* XCTest.framework in Frameworks */ = {isa = PBXBuildFile; fileRef = 83E8975018E38A0400DE8591 /* XCTest.framework */; };
		83E8975218E38A0400DE8591 /* Foundation.framework in Frameworks */ = {isa = PBXBuildFile; fileRef = 83E8973118E38A0400DE8591 /* Foundation.framework */; };
		83E8975318E38A0400DE8591 /* UIKit.framework in Frameworks */ = {isa = PBXBuildFile; fileRef = 83E8973518E38A0400DE8591 /* UIKit.framework */; };
		83E8975B18E38A0400DE8591 /* InfoPlist.strings in Resources */ = {isa = PBXBuildFile; fileRef = 83E8975918E38A0400DE8591 /* InfoPlist.strings */; };
		83E8975D18E38A0500DE8591 /* fontAwesomeTestTests.m in Sources */ = {isa = PBXBuildFile; fileRef = 83E8975C18E38A0500DE8591 /* fontAwesomeTestTests.m */; };
		83E8976718E392DE00DE8591 /* CoreText.framework in Frameworks */ = {isa = PBXBuildFile; fileRef = 83E8976618E392DE00DE8591 /* CoreText.framework */; };
/* End PBXBuildFile section */

/* Begin PBXContainerItemProxy section */
		83E8975418E38A0400DE8591 /* PBXContainerItemProxy */ = {
			isa = PBXContainerItemProxy;
			containerPortal = 83E8972618E38A0400DE8591 /* Project object */;
			proxyType = 1;
			remoteGlobalIDString = 83E8972D18E38A0400DE8591;
			remoteInfo = fontAwesomeTest;
		};
/* End PBXContainerItemProxy section */

/* Begin PBXFileReference section */
		155726A0D2B84D7581796AE5 /* libPods.a */ = {isa = PBXFileReference; explicitFileType = archive.ar; includeInIndex = 0; path = libPods.a; sourceTree = BUILT_PRODUCTS_DIR; };
		20A9515369AD432B885ECB54 /* Pods.xcconfig */ = {isa = PBXFileReference; includeInIndex = 1; lastKnownFileType = text.xcconfig; name = Pods.xcconfig; path = Pods/Pods.xcconfig; sourceTree = "<group>"; };
		83E8972E18E38A0400DE8591 /* fontAwesomeTest.app */ = {isa = PBXFileReference; explicitFileType = wrapper.application; includeInIndex = 0; path = fontAwesomeTest.app; sourceTree = BUILT_PRODUCTS_DIR; };
		83E8973118E38A0400DE8591 /* Foundation.framework */ = {isa = PBXFileReference; lastKnownFileType = wrapper.framework; name = Foundation.framework; path = System/Library/Frameworks/Foundation.framework; sourceTree = SDKROOT; };
		83E8973318E38A0400DE8591 /* CoreGraphics.framework */ = {isa = PBXFileReference; lastKnownFileType = wrapper.framework; name = CoreGraphics.framework; path = System/Library/Frameworks/CoreGraphics.framework; sourceTree = SDKROOT; };
		83E8973518E38A0400DE8591 /* UIKit.framework */ = {isa = PBXFileReference; lastKnownFileType = wrapper.framework; name = UIKit.framework; path = System/Library/Frameworks/UIKit.framework; sourceTree = SDKROOT; };
		83E8973918E38A0400DE8591 /* fontAwesomeTest-Info.plist */ = {isa = PBXFileReference; lastKnownFileType = text.plist.xml; path = "fontAwesomeTest-Info.plist"; sourceTree = "<group>"; };
		83E8973B18E38A0400DE8591 /* en */ = {isa = PBXFileReference; lastKnownFileType = text.plist.strings; name = en; path = en.lproj/InfoPlist.strings; sourceTree = "<group>"; };
		83E8973D18E38A0400DE8591 /* main.m */ = {isa = PBXFileReference; lastKnownFileType = sourcecode.c.objc; path = main.m; sourceTree = "<group>"; };
		83E8973F18E38A0400DE8591 /* fontAwesomeTest-Prefix.pch */ = {isa = PBXFileReference; lastKnownFileType = sourcecode.c.h; path = "fontAwesomeTest-Prefix.pch"; sourceTree = "<group>"; };
		83E8974018E38A0400DE8591 /* AppDelegate.h */ = {isa = PBXFileReference; lastKnownFileType = sourcecode.c.h; path = AppDelegate.h; sourceTree = "<group>"; };
		83E8974118E38A0400DE8591 /* AppDelegate.m */ = {isa = PBXFileReference; lastKnownFileType = sourcecode.c.objc; path = AppDelegate.m; sourceTree = "<group>"; };
		83E8974418E38A0400DE8591 /* Base */ = {isa = PBXFileReference; lastKnownFileType = file.storyboard; name = Base; path = Base.lproj/Main.storyboard; sourceTree = "<group>"; };
		83E8974618E38A0400DE8591 /* ViewController.h */ = {isa = PBXFileReference; lastKnownFileType = sourcecode.c.h; path = ViewController.h; sourceTree = "<group>"; };
		83E8974718E38A0400DE8591 /* ViewController.m */ = {isa = PBXFileReference; lastKnownFileType = sourcecode.c.objc; path = ViewController.m; sourceTree = "<group>"; };
		83E8974918E38A0400DE8591 /* Images.xcassets */ = {isa = PBXFileReference; lastKnownFileType = folder.assetcatalog; path = Images.xcassets; sourceTree = "<group>"; };
		83E8974F18E38A0400DE8591 /* fontAwesomeTestTests.xctest */ = {isa = PBXFileReference; explicitFileType = wrapper.cfbundle; includeInIndex = 0; path = fontAwesomeTestTests.xctest; sourceTree = BUILT_PRODUCTS_DIR; };
		83E8975018E38A0400DE8591 /* XCTest.framework */ = {isa = PBXFileReference; lastKnownFileType = wrapper.framework; name = XCTest.framework; path = Library/Frameworks/XCTest.framework; sourceTree = DEVELOPER_DIR; };
		83E8975818E38A0400DE8591 /* fontAwesomeTestTests-Info.plist */ = {isa = PBXFileReference; lastKnownFileType = text.plist.xml; path = "fontAwesomeTestTests-Info.plist"; sourceTree = "<group>"; };
		83E8975A18E38A0400DE8591 /* en */ = {isa = PBXFileReference; lastKnownFileType = text.plist.strings; name = en; path = en.lproj/InfoPlist.strings; sourceTree = "<group>"; };
		83E8975C18E38A0500DE8591 /* fontAwesomeTestTests.m */ = {isa = PBXFileReference; lastKnownFileType = sourcecode.c.objc; path = fontAwesomeTestTests.m; sourceTree = "<group>"; };
		83E8976618E392DE00DE8591 /* CoreText.framework */ = {isa = PBXFileReference; lastKnownFileType = wrapper.framework; name = CoreText.framework; path = System/Library/Frameworks/CoreText.framework; sourceTree = SDKROOT; };
/* End PBXFileReference section */

/* Begin PBXFrameworksBuildPhase section */
		83E8972B18E38A0400DE8591 /* Frameworks */ = {
			isa = PBXFrameworksBuildPhase;
			buildActionMask = 2147483647;
			files = (
				83E8976718E392DE00DE8591 /* CoreText.framework in Frameworks */,
				83E8973418E38A0400DE8591 /* CoreGraphics.framework in Frameworks */,
				83E8973618E38A0400DE8591 /* UIKit.framework in Frameworks */,
				83E8973218E38A0400DE8591 /* Foundation.framework in Frameworks */,
				4C074914821C414F9507F607 /* libPods.a in Frameworks */,
			);
			runOnlyForDeploymentPostprocessing = 0;
		};
		83E8974C18E38A0400DE8591 /* Frameworks */ = {
			isa = PBXFrameworksBuildPhase;
			buildActionMask = 2147483647;
			files = (
				83E8975118E38A0400DE8591 /* XCTest.framework in Frameworks */,
				83E8975318E38A0400DE8591 /* UIKit.framework in Frameworks */,
				83E8975218E38A0400DE8591 /* Foundation.framework in Frameworks */,
			);
			runOnlyForDeploymentPostprocessing = 0;
		};
/* End PBXFrameworksBuildPhase section */

/* Begin PBXGroup section */
		83E8972518E38A0400DE8591 = {
			isa = PBXGroup;
			children = (
				83E8973718E38A0400DE8591 /* fontAwesomeTest */,
				83E8975618E38A0400DE8591 /* fontAwesomeTestTests */,
				83E8973018E38A0400DE8591 /* Frameworks */,
				83E8972F18E38A0400DE8591 /* Products */,
				20A9515369AD432B885ECB54 /* Pods.xcconfig */,
			);
			sourceTree = "<group>";
		};
		83E8972F18E38A0400DE8591 /* Products */ = {
			isa = PBXGroup;
			children = (
				83E8972E18E38A0400DE8591 /* fontAwesomeTest.app */,
				83E8974F18E38A0400DE8591 /* fontAwesomeTestTests.xctest */,
			);
			name = Products;
			sourceTree = "<group>";
		};
		83E8973018E38A0400DE8591 /* Frameworks */ = {
			isa = PBXGroup;
			children = (
				83E8976618E392DE00DE8591 /* CoreText.framework */,
				83E8973118E38A0400DE8591 /* Foundation.framework */,
				83E8973318E38A0400DE8591 /* CoreGraphics.framework */,
				83E8973518E38A0400DE8591 /* UIKit.framework */,
				83E8975018E38A0400DE8591 /* XCTest.framework */,
				155726A0D2B84D7581796AE5 /* libPods.a */,
			);
			name = Frameworks;
			sourceTree = "<group>";
		};
		83E8973718E38A0400DE8591 /* fontAwesomeTest */ = {
			isa = PBXGroup;
			children = (
				83E8974018E38A0400DE8591 /* AppDelegate.h */,
				83E8974118E38A0400DE8591 /* AppDelegate.m */,
				83E8974318E38A0400DE8591 /* Main.storyboard */,
				83E8974618E38A0400DE8591 /* ViewController.h */,
				83E8974718E38A0400DE8591 /* ViewController.m */,
				83E8974918E38A0400DE8591 /* Images.xcassets */,
				83E8973818E38A0400DE8591 /* Supporting Files */,
			);
			path = fontAwesomeTest;
			sourceTree = "<group>";
		};
		83E8973818E38A0400DE8591 /* Supporting Files */ = {
			isa = PBXGroup;
			children = (
				83E8973918E38A0400DE8591 /* fontAwesomeTest-Info.plist */,
				83E8973A18E38A0400DE8591 /* InfoPlist.strings */,
				83E8973D18E38A0400DE8591 /* main.m */,
				83E8973F18E38A0400DE8591 /* fontAwesomeTest-Prefix.pch */,
			);
			name = "Supporting Files";
			sourceTree = "<group>";
		};
		83E8975618E38A0400DE8591 /* fontAwesomeTestTests */ = {
			isa = PBXGroup;
			children = (
				83E8975C18E38A0500DE8591 /* fontAwesomeTestTests.m */,
				83E8975718E38A0400DE8591 /* Supporting Files */,
			);
			path = fontAwesomeTestTests;
			sourceTree = "<group>";
		};
		83E8975718E38A0400DE8591 /* Supporting Files */ = {
			isa = PBXGroup;
			children = (
				83E8975818E38A0400DE8591 /* fontAwesomeTestTests-Info.plist */,
				83E8975918E38A0400DE8591 /* InfoPlist.strings */,
			);
			name = "Supporting Files";
			sourceTree = "<group>";
		};
/* End PBXGroup section */

/* Begin PBXNativeTarget section */
		83E8972D18E38A0400DE8591 /* fontAwesomeTest */ = {
			isa = PBXNativeTarget;
			buildConfigurationList = 83E8976018E38A0500DE8591 /* Build configuration list for PBXNativeTarget "fontAwesomeTest" */;
			buildPhases = (
				8062BB20FC2F4561AFDEF137 /* Check Pods Manifest.lock */,
				83E8972A18E38A0400DE8591 /* Sources */,
				83E8972B18E38A0400DE8591 /* Frameworks */,
				83E8972C18E38A0400DE8591 /* Resources */,
				22E62754F0BD42D9A66F8022 /* Copy Pods Resources */,
			);
			buildRules = (
			);
			dependencies = (
			);
			name = fontAwesomeTest;
			productName = fontAwesomeTest;
			productReference = 83E8972E18E38A0400DE8591 /* fontAwesomeTest.app */;
			productType = "com.apple.product-type.application";
		};
		83E8974E18E38A0400DE8591 /* fontAwesomeTestTests */ = {
			isa = PBXNativeTarget;
			buildConfigurationList = 83E8976318E38A0500DE8591 /* Build configuration list for PBXNativeTarget "fontAwesomeTestTests" */;
			buildPhases = (
				83E8974B18E38A0400DE8591 /* Sources */,
				83E8974C18E38A0400DE8591 /* Frameworks */,
				83E8974D18E38A0400DE8591 /* Resources */,
			);
			buildRules = (
			);
			dependencies = (
				83E8975518E38A0400DE8591 /* PBXTargetDependency */,
			);
			name = fontAwesomeTestTests;
			productName = fontAwesomeTestTests;
			productReference = 83E8974F18E38A0400DE8591 /* fontAwesomeTestTests.xctest */;
			productType = "com.apple.product-type.bundle.unit-test";
		};
/* End PBXNativeTarget section */

/* Begin PBXProject section */
		83E8972618E38A0400DE8591 /* Project object */ = {
			isa = PBXProject;
			attributes = {
				LastUpgradeCheck = 0510;
				ORGANIZATIONNAME = "Eunoia Design Co";
				TargetAttributes = {
					83E8974E18E38A0400DE8591 = {
						TestTargetID = 83E8972D18E38A0400DE8591;
					};
				};
			};
			buildConfigurationList = 83E8972918E38A0400DE8591 /* Build configuration list for PBXProject "fontAwesomeTest" */;
			compatibilityVersion = "Xcode 3.2";
			developmentRegion = English;
			hasScannedForEncodings = 0;
			knownRegions = (
				en,
				Base,
			);
			mainGroup = 83E8972518E38A0400DE8591;
			productRefGroup = 83E8972F18E38A0400DE8591 /* Products */;
			projectDirPath = "";
			projectRoot = "";
			targets = (
				83E8972D18E38A0400DE8591 /* fontAwesomeTest */,
				83E8974E18E38A0400DE8591 /* fontAwesomeTestTests */,
			);
		};
/* End PBXProject section */

/* Begin PBXResourcesBuildPhase section */
		83E8972C18E38A0400DE8591 /* Resources */ = {
			isa = PBXResourcesBuildPhase;
			buildActionMask = 2147483647;
			files = (
				83E8974A18E38A0400DE8591 /* Images.xcassets in Resources */,
				83E8973C18E38A0400DE8591 /* InfoPlist.strings in Resources */,
				83E8974518E38A0400DE8591 /* Main.storyboard in Resources */,
			);
			runOnlyForDeploymentPostprocessing = 0;
		};
		83E8974D18E38A0400DE8591 /* Resources */ = {
			isa = PBXResourcesBuildPhase;
			buildActionMask = 2147483647;
			files = (
				83E8975B18E38A0400DE8591 /* InfoPlist.strings in Resources */,
			);
			runOnlyForDeploymentPostprocessing = 0;
		};
/* End PBXResourcesBuildPhase section */

/* Begin PBXShellScriptBuildPhase section */
		22E62754F0BD42D9A66F8022 /* Copy Pods Resources */ = {
			isa = PBXShellScriptBuildPhase;
			buildActionMask = 2147483647;
			files = (
			);
			inputPaths = (
			);
			name = "Copy Pods Resources";
			outputPaths = (
			);
			runOnlyForDeploymentPostprocessing = 0;
			shellPath = /bin/sh;
			shellScript = "\"${SRCROOT}/Pods/Pods-resources.sh\"\n";
			showEnvVarsInLog = 0;
		};
		8062BB20FC2F4561AFDEF137 /* Check Pods Manifest.lock */ = {
			isa = PBXShellScriptBuildPhase;
			buildActionMask = 2147483647;
			files = (
			);
			inputPaths = (
			);
			name = "Check Pods Manifest.lock";
			outputPaths = (
			);
			runOnlyForDeploymentPostprocessing = 0;
			shellPath = /bin/sh;
			shellScript = "diff \"${PODS_ROOT}/../Podfile.lock\" \"${PODS_ROOT}/Manifest.lock\" > /dev/null\nif [[ $? != 0 ]] ; then\n    cat << EOM\nerror: The sandbox is not in sync with the Podfile.lock. Run 'pod install' or update your CocoaPods installation.\nEOM\n    exit 1\nfi\n";
			showEnvVarsInLog = 0;
		};
/* End PBXShellScriptBuildPhase section */

/* Begin PBXSourcesBuildPhase section */
		83E8972A18E38A0400DE8591 /* Sources */ = {
			isa = PBXSourcesBuildPhase;
			buildActionMask = 2147483647;
			files = (
				83E8974818E38A0400DE8591 /* ViewController.m in Sources */,
				83E8974218E38A0400DE8591 /* AppDelegate.m in Sources */,
				83E8973E18E38A0400DE8591 /* main.m in Sources */,
			);
			runOnlyForDeploymentPostprocessing = 0;
		};
		83E8974B18E38A0400DE8591 /* Sources */ = {
			isa = PBXSourcesBuildPhase;
			buildActionMask = 2147483647;
			files = (
				83E8975D18E38A0500DE8591 /* fontAwesomeTestTests.m in Sources */,
			);
			runOnlyForDeploymentPostprocessing = 0;
		};
/* End PBXSourcesBuildPhase section */

/* Begin PBXTargetDependency section */
		83E8975518E38A0400DE8591 /* PBXTargetDependency */ = {
			isa = PBXTargetDependency;
			target = 83E8972D18E38A0400DE8591 /* fontAwesomeTest */;
			targetProxy = 83E8975418E38A0400DE8591 /* PBXContainerItemProxy */;
		};
/* End PBXTargetDependency section */

/* Begin PBXVariantGroup section */
		83E8973A18E38A0400DE8591 /* InfoPlist.strings */ = {
			isa = PBXVariantGroup;
			children = (
				83E8973B18E38A0400DE8591 /* en */,
			);
			name = InfoPlist.strings;
			sourceTree = "<group>";
		};
		83E8974318E38A0400DE8591 /* Main.storyboard */ = {
			isa = PBXVariantGroup;
			children = (
				83E8974418E38A0400DE8591 /* Base */,
			);
			name = Main.storyboard;
			sourceTree = "<group>";
		};
		83E8975918E38A0400DE8591 /* InfoPlist.strings */ = {
			isa = PBXVariantGroup;
			children = (
				83E8975A18E38A0400DE8591 /* en */,
			);
			name = InfoPlist.strings;
			sourceTree = "<group>";
		};
/* End PBXVariantGroup section */

/* Begin XCBuildConfiguration section */
		83E8975E18E38A0500DE8591 /* Debug */ = {
			isa = XCBuildConfiguration;
			buildSettings = {
				ALWAYS_SEARCH_USER_PATHS = NO;
				CLANG_CXX_LANGUAGE_STANDARD = "gnu++0x";
				CLANG_CXX_LIBRARY = "libc++";
				CLANG_ENABLE_MODULES = YES;
				CLANG_ENABLE_OBJC_ARC = YES;
				CLANG_WARN_BOOL_CONVERSION = YES;
				CLANG_WARN_CONSTANT_CONVERSION = YES;
				CLANG_WARN_DIRECT_OBJC_ISA_USAGE = YES_ERROR;
				CLANG_WARN_EMPTY_BODY = YES;
				CLANG_WARN_ENUM_CONVERSION = YES;
				CLANG_WARN_INT_CONVERSION = YES;
				CLANG_WARN_OBJC_ROOT_CLASS = YES_ERROR;
				CLANG_WARN__DUPLICATE_METHOD_MATCH = YES;
				"CODE_SIGN_IDENTITY[sdk=iphoneos*]" = "iPhone Developer";
				COPY_PHASE_STRIP = NO;
				GCC_C_LANGUAGE_STANDARD = gnu99;
				GCC_DYNAMIC_NO_PIC = NO;
				GCC_OPTIMIZATION_LEVEL = 0;
				GCC_PREPROCESSOR_DEFINITIONS = (
					"DEBUG=1",
					"$(inherited)",
				);
				GCC_SYMBOLS_PRIVATE_EXTERN = NO;
				GCC_WARN_64_TO_32_BIT_CONVERSION = YES;
				GCC_WARN_ABOUT_RETURN_TYPE = YES_ERROR;
				GCC_WARN_UNDECLARED_SELECTOR = YES;
				GCC_WARN_UNINITIALIZED_AUTOS = YES_AGGRESSIVE;
				GCC_WARN_UNUSED_FUNCTION = YES;
				GCC_WARN_UNUSED_VARIABLE = YES;
				IPHONEOS_DEPLOYMENT_TARGET = 7.1;
				ONLY_ACTIVE_ARCH = YES;
				SDKROOT = iphoneos;
			};
			name = Debug;
		};
		83E8975F18E38A0500DE8591 /* Release */ = {
			isa = XCBuildConfiguration;
			buildSettings = {
				ALWAYS_SEARCH_USER_PATHS = NO;
				CLANG_CXX_LANGUAGE_STANDARD = "gnu++0x";
				CLANG_CXX_LIBRARY = "libc++";
				CLANG_ENABLE_MODULES = YES;
				CLANG_ENABLE_OBJC_ARC = YES;
				CLANG_WARN_BOOL_CONVERSION = YES;
				CLANG_WARN_CONSTANT_CONVERSION = YES;
				CLANG_WARN_DIRECT_OBJC_ISA_USAGE = YES_ERROR;
				CLANG_WARN_EMPTY_BODY = YES;
				CLANG_WARN_ENUM_CONVERSION = YES;
				CLANG_WARN_INT_CONVERSION = YES;
				CLANG_WARN_OBJC_ROOT_CLASS = YES_ERROR;
				CLANG_WARN__DUPLICATE_METHOD_MATCH = YES;
				"CODE_SIGN_IDENTITY[sdk=iphoneos*]" = "iPhone Developer";
				COPY_PHASE_STRIP = YES;
				ENABLE_NS_ASSERTIONS = NO;
				GCC_C_LANGUAGE_STANDARD = gnu99;
				GCC_WARN_64_TO_32_BIT_CONVERSION = YES;
				GCC_WARN_ABOUT_RETURN_TYPE = YES_ERROR;
				GCC_WARN_UNDECLARED_SELECTOR = YES;
				GCC_WARN_UNINITIALIZED_AUTOS = YES_AGGRESSIVE;
				GCC_WARN_UNUSED_FUNCTION = YES;
				GCC_WARN_UNUSED_VARIABLE = YES;
				IPHONEOS_DEPLOYMENT_TARGET = 7.1;
				SDKROOT = iphoneos;
				VALIDATE_PRODUCT = YES;
			};
			name = Release;
		};
		83E8976118E38A0500DE8591 /* Debug */ = {
			isa = XCBuildConfiguration;
			baseConfigurationReference = 20A9515369AD432B885ECB54 /* Pods.xcconfig */;
			buildSettings = {
				ASSETCATALOG_COMPILER_APPICON_NAME = AppIcon;
				ASSETCATALOG_COMPILER_LAUNCHIMAGE_NAME = LaunchImage;
				GCC_PRECOMPILE_PREFIX_HEADER = YES;
				GCC_PREFIX_HEADER = "fontAwesomeTest/fontAwesomeTest-Prefix.pch";
				INFOPLIST_FILE = "fontAwesomeTest/fontAwesomeTest-Info.plist";
				PRODUCT_NAME = "$(TARGET_NAME)";
				WRAPPER_EXTENSION = app;
			};
			name = Debug;
		};
		83E8976218E38A0500DE8591 /* Release */ = {
			isa = XCBuildConfiguration;
			baseConfigurationReference = 20A9515369AD432B885ECB54 /* Pods.xcconfig */;
			buildSettings = {
				ASSETCATALOG_COMPILER_APPICON_NAME = AppIcon;
				ASSETCATALOG_COMPILER_LAUNCHIMAGE_NAME = LaunchImage;
				GCC_PRECOMPILE_PREFIX_HEADER = YES;
				GCC_PREFIX_HEADER = "fontAwesomeTest/fontAwesomeTest-Prefix.pch";
				INFOPLIST_FILE = "fontAwesomeTest/fontAwesomeTest-Info.plist";
				PRODUCT_NAME = "$(TARGET_NAME)";
				WRAPPER_EXTENSION = app;
			};
			name = Release;
		};
		83E8976418E38A0500DE8591 /* Debug */ = {
			isa = XCBuildConfiguration;
			buildSettings = {
				BUNDLE_LOADER = "$(BUILT_PRODUCTS_DIR)/fontAwesomeTest.app/fontAwesomeTest";
				FRAMEWORK_SEARCH_PATHS = (
					"$(SDKROOT)/Developer/Library/Frameworks",
					"$(inherited)",
					"$(DEVELOPER_FRAMEWORKS_DIR)",
				);
				GCC_PRECOMPILE_PREFIX_HEADER = YES;
				GCC_PREFIX_HEADER = "fontAwesomeTest/fontAwesomeTest-Prefix.pch";
				GCC_PREPROCESSOR_DEFINITIONS = (
					"DEBUG=1",
					"$(inherited)",
				);
				INFOPLIST_FILE = "fontAwesomeTestTests/fontAwesomeTestTests-Info.plist";
				PRODUCT_NAME = "$(TARGET_NAME)";
				TEST_HOST = "$(BUNDLE_LOADER)";
				WRAPPER_EXTENSION = xctest;
			};
			name = Debug;
		};
		83E8976518E38A0500DE8591 /* Release */ = {
			isa = XCBuildConfiguration;
			buildSettings = {
				BUNDLE_LOADER = "$(BUILT_PRODUCTS_DIR)/fontAwesomeTest.app/fontAwesomeTest";
				FRAMEWORK_SEARCH_PATHS = (
					"$(SDKROOT)/Developer/Library/Frameworks",
					"$(inherited)",
					"$(DEVELOPER_FRAMEWORKS_DIR)",
				);
				GCC_PRECOMPILE_PREFIX_HEADER = YES;
				GCC_PREFIX_HEADER = "fontAwesomeTest/fontAwesomeTest-Prefix.pch";
				INFOPLIST_FILE = "fontAwesomeTestTests/fontAwesomeTestTests-Info.plist";
				PRODUCT_NAME = "$(TARGET_NAME)";
				TEST_HOST = "$(BUNDLE_LOADER)";
				WRAPPER_EXTENSION = xctest;
			};
			name = Release;
		};
/* End XCBuildConfiguration section */

/* Begin XCConfigurationList section */
		83E8972918E38A0400DE8591 /* Build configuration list for PBXProject "fontAwesomeTest" */ = {
			isa = XCConfigurationList;
			buildConfigurations = (
				83E8975E18E38A0500DE8591 /* Debug */,
				83E8975F18E38A0500DE8591 /* Release */,
			);
			defaultConfigurationIsVisible = 0;
			defaultConfigurationName = Release;
		};
		83E8976018E38A0500DE8591 /* Build configuration list for PBXNativeTarget "fontAwesomeTest" */ = {
			isa = XCConfigurationList;
			buildConfigurations = (
				83E8976118E38A0500DE8591 /* Debug */,
				83E8976218E38A0500DE8591 /* Release */,
			);
			defaultConfigurationIsVisible = 0;
			defaultConfigurationName = Release;
		};
		83E8976318E38A0500DE8591 /* Build configuration list for PBXNativeTarget "fontAwesomeTestTests" */ = {
			isa = XCConfigurationList;
			buildConfigurations = (
				83E8976418E38A0500DE8591 /* Debug */,
				83E8976518E38A0500DE8591 /* Release */,
			);
			defaultConfigurationIsVisible = 0;
			defaultConfigurationName = Release;
		};
/* End XCConfigurationList section */
	};
	rootObject = 83E8972618E38A0400DE8591 /* Project object */;
}
